// !$*UTF8*$!
{
	archiveVersion = 1;
	classes = {
	};
	objectVersion = 50;
	objects = {

/* Begin PBXBuildFile section */
		3F24FFBC28A437E0007C62FD /* AppDelegate.swift in Sources */ = {isa = PBXBuildFile; fileRef = 3F24FFBB28A437E0007C62FD /* AppDelegate.swift */; };
		3F24FFBE28A437E0007C62FD /* SceneDelegate.swift in Sources */ = {isa = PBXBuildFile; fileRef = 3F24FFBD28A437E0007C62FD /* SceneDelegate.swift */; };
		3F24FFC028A437E0007C62FD /* ViewController.swift in Sources */ = {isa = PBXBuildFile; fileRef = 3F24FFBF28A437E0007C62FD /* ViewController.swift */; };
		3F24FFC328A437E0007C62FD /* Main.storyboard in Resources */ = {isa = PBXBuildFile; fileRef = 3F24FFC128A437E0007C62FD /* Main.storyboard */; };
		3F24FFC528A437E1007C62FD /* Assets.xcassets in Resources */ = {isa = PBXBuildFile; fileRef = 3F24FFC428A437E1007C62FD /* Assets.xcassets */; };
		3F24FFC828A437E1007C62FD /* LaunchScreen.storyboard in Resources */ = {isa = PBXBuildFile; fileRef = 3F24FFC628A437E1007C62FD /* LaunchScreen.storyboard */; };
		3F24FFD128A4390F007C62FD /* MapKit.framework in Frameworks */ = {isa = PBXBuildFile; fileRef = 3F24FFD028A4390F007C62FD /* MapKit.framework */; };
		3F24FFD328A43921007C62FD /* CoreLocation.framework in Frameworks */ = {isa = PBXBuildFile; fileRef = 3F24FFD228A43921007C62FD /* CoreLocation.framework */; };
/* End PBXBuildFile section */

/* Begin PBXFileReference section */
		3F24FFB828A437E0007C62FD /* AulaMapKitCEFETTarde.app */ = {isa = PBXFileReference; explicitFileType = wrapper.application; includeInIndex = 0; path = AulaMapKitCEFETTarde.app; sourceTree = BUILT_PRODUCTS_DIR; };
		3F24FFBB28A437E0007C62FD /* AppDelegate.swift */ = {isa = PBXFileReference; lastKnownFileType = sourcecode.swift; path = AppDelegate.swift; sourceTree = "<group>"; };
		3F24FFBD28A437E0007C62FD /* SceneDelegate.swift */ = {isa = PBXFileReference; lastKnownFileType = sourcecode.swift; path = SceneDelegate.swift; sourceTree = "<group>"; };
		3F24FFBF28A437E0007C62FD /* ViewController.swift */ = {isa = PBXFileReference; lastKnownFileType = sourcecode.swift; path = ViewController.swift; sourceTree = "<group>"; };
		3F24FFC228A437E0007C62FD /* Base */ = {isa = PBXFileReference; lastKnownFileType = file.storyboard; name = Base; path = Base.lproj/Main.storyboard; sourceTree = "<group>"; };
		3F24FFC428A437E1007C62FD /* Assets.xcassets */ = {isa = PBXFileReference; lastKnownFileType = folder.assetcatalog; path = Assets.xcassets; sourceTree = "<group>"; };
		3F24FFC728A437E1007C62FD /* Base */ = {isa = PBXFileReference; lastKnownFileType = file.storyboard; name = Base; path = Base.lproj/LaunchScreen.storyboard; sourceTree = "<group>"; };
		3F24FFC928A437E1007C62FD /* Info.plist */ = {isa = PBXFileReference; lastKnownFileType = text.plist.xml; path = Info.plist; sourceTree = "<group>"; };
		3F24FFD028A4390F007C62FD /* MapKit.framework */ = {isa = PBXFileReference; lastKnownFileType = wrapper.framework; name = MapKit.framework; path = System/Library/Frameworks/MapKit.framework; sourceTree = SDKROOT; };
		3F24FFD228A43921007C62FD /* CoreLocation.framework */ = {isa = PBXFileReference; lastKnownFileType = wrapper.framework; name = CoreLocation.framework; path = System/Library/Frameworks/CoreLocation.framework; sourceTree = SDKROOT; };
/* End PBXFileReference section */

/* Begin PBXFrameworksBuildPhase section */
		3F24FFB528A437E0007C62FD /* Frameworks */ = {
			isa = PBXFrameworksBuildPhase;
			buildActionMask = 2147483647;
			files = (
				3F24FFD328A43921007C62FD /* CoreLocation.framework in Frameworks */,
				3F24FFD128A4390F007C62FD /* MapKit.framework in Frameworks */,
			);
			runOnlyForDeploymentPostprocessing = 0;
		};
/* End PBXFrameworksBuildPhase section */

/* Begin PBXGroup section */
		3F24FFAF28A437E0007C62FD = {
			isa = PBXGroup;
			children = (
				3F24FFBA28A437E0007C62FD /* AulaMapKitCEFETTarde */,
				3F24FFB928A437E0007C62FD /* Products */,
				3F24FFCF28A4390E007C62FD /* Frameworks */,
			);
			sourceTree = "<group>";
		};
		3F24FFB928A437E0007C62FD /* Products */ = {
			isa = PBXGroup;
			children = (
				3F24FFB828A437E0007C62FD /* AulaMapKitCEFETTarde.app */,
			);
			name = Products;
			sourceTree = "<group>";
		};
		3F24FFBA28A437E0007C62FD /* AulaMapKitCEFETTarde */ = {
			isa = PBXGroup;
			children = (
				3F24FFBB28A437E0007C62FD /* AppDelegate.swift */,
				3F24FFBD28A437E0007C62FD /* SceneDelegate.swift */,
				3F24FFBF28A437E0007C62FD /* ViewController.swift */,
				3F24FFC128A437E0007C62FD /* Main.storyboard */,
				3F24FFC428A437E1007C62FD /* Assets.xcassets */,
				3F24FFC628A437E1007C62FD /* LaunchScreen.storyboard */,
				3F24FFC928A437E1007C62FD /* Info.plist */,
			);
			path = AulaMapKitCEFETTarde;
			sourceTree = "<group>";
		};
		3F24FFCF28A4390E007C62FD /* Frameworks */ = {
			isa = PBXGroup;
			children = (
				3F24FFD228A43921007C62FD /* CoreLocation.framework */,
				3F24FFD028A4390F007C62FD /* MapKit.framework */,
			);
			name = Frameworks;
			sourceTree = "<group>";
		};
/* End PBXGroup section */

/* Begin PBXNativeTarget section */
		3F24FFB728A437E0007C62FD /* AulaMapKitCEFETTarde */ = {
			isa = PBXNativeTarget;
			buildConfigurationList = 3F24FFCC28A437E1007C62FD /* Build configuration list for PBXNativeTarget "AulaMapKitCEFETTarde" */;
			buildPhases = (
				3F24FFB428A437E0007C62FD /* Sources */,
				3F24FFB528A437E0007C62FD /* Frameworks */,
				3F24FFB628A437E0007C62FD /* Resources */,
			);
			buildRules = (
			);
			dependencies = (
			);
			name = AulaMapKitCEFETTarde;
			productName = AulaMapKitCEFETTarde;
			productReference = 3F24FFB828A437E0007C62FD /* AulaMapKitCEFETTarde.app */;
			productType = "com.apple.product-type.application";
		};
/* End PBXNativeTarget section */

/* Begin PBXProject section */
		3F24FFB028A437E0007C62FD /* Project object */ = {
			isa = PBXProject;
			attributes = {
				LastSwiftUpdateCheck = 1130;
				LastUpgradeCheck = 1130;
				ORGANIZATIONNAME = Student;
				TargetAttributes = {
					3F24FFB728A437E0007C62FD = {
						CreatedOnToolsVersion = 11.3;
					};
				};
			};
			buildConfigurationList = 3F24FFB328A437E0007C62FD /* Build configuration list for PBXProject "AulaMapKitCEFETTarde" */;
			compatibilityVersion = "Xcode 9.3";
			developmentRegion = en;
			hasScannedForEncodings = 0;
			knownRegions = (
				en,
				Base,
			);
			mainGroup = 3F24FFAF28A437E0007C62FD;
			productRefGroup = 3F24FFB928A437E0007C62FD /* Products */;
			projectDirPath = "";
			projectRoot = "";
			targets = (
				3F24FFB728A437E0007C62FD /* AulaMapKitCEFETTarde */,
			);
		};
/* End PBXProject section */

/* Begin PBXResourcesBuildPhase section */
		3F24FFB628A437E0007C62FD /* Resources */ = {
			isa = PBXResourcesBuildPhase;
			buildActionMask = 2147483647;
			files = (
				3F24FFC828A437E1007C62FD /* LaunchScreen.storyboard in Resources */,
				3F24FFC528A437E1007C62FD /* Assets.xcassets in Resources */,
				3F24FFC328A437E0007C62FD /* Main.storyboard in Resources */,
			);
			runOnlyForDeploymentPostprocessing = 0;
		};
/* End PBXResourcesBuildPhase section */

/* Begin PBXSourcesBuildPhase section */
		3F24FFB428A437E0007C62FD /* Sources */ = {
			isa = PBXSourcesBuildPhase;
			buildActionMask = 2147483647;
			files = (
				3F24FFC028A437E0007C62FD /* ViewController.swift in Sources */,
				3F24FFBC28A437E0007C62FD /* AppDelegate.swift in Sources */,
				3F24FFBE28A437E0007C62FD /* SceneDelegate.swift in Sources */,
			);
			runOnlyForDeploymentPostprocessing = 0;
		};
/* End PBXSourcesBuildPhase section */

/* Begin PBXVariantGroup section */
		3F24FFC128A437E0007C62FD /* Main.storyboard */ = {
			isa = PBXVariantGroup;
			children = (
				3F24FFC228A437E0007C62FD /* Base */,
			);
			name = Main.storyboard;
			sourceTree = "<group>";
		};
		3F24FFC628A437E1007C62FD /* LaunchScreen.storyboard */ = {
			isa = PBXVariantGroup;
			children = (
				3F24FFC728A437E1007C62FD /* Base */,
			);
			name = LaunchScreen.storyboard;
			sourceTree = "<group>";
		};
/* End PBXVariantGroup section */

/* Begin XCBuildConfiguration section */
		3F24FFCA28A437E1007C62FD /* Debug */ = {
			isa = XCBuildConfiguration;
			buildSettings = {
				ALWAYS_SEARCH_USER_PATHS = NO;
				CLANG_ANALYZER_NONNULL = YES;
				CLANG_ANALYZER_NUMBER_OBJECT_CONVERSION = YES_AGGRESSIVE;
				CLANG_CXX_LANGUAGE_STANDARD = "gnu++14";
				CLANG_CXX_LIBRARY = "libc++";
				CLANG_ENABLE_MODULES = YES;
				CLANG_ENABLE_OBJC_ARC = YES;
				CLANG_ENABLE_OBJC_WEAK = YES;
				CLANG_WARN_BLOCK_CAPTURE_AUTORELEASING = YES;
				CLANG_WARN_BOOL_CONVERSION = YES;
				CLANG_WARN_COMMA = YES;
				CLANG_WARN_CONSTANT_CONVERSION = YES;
				CLANG_WARN_DEPRECATED_OBJC_IMPLEMENTATIONS = YES;
				CLANG_WARN_DIRECT_OBJC_ISA_USAGE = YES_ERROR;
				CLANG_WARN_DOCUMENTATION_COMMENTS = YES;
				CLANG_WARN_EMPTY_BODY = YES;
				CLANG_WARN_ENUM_CONVERSION = YES;
				CLANG_WARN_INFINITE_RECURSION = YES;
				CLANG_WARN_INT_CONVERSION = YES;
				CLANG_WARN_NON_LITERAL_NULL_CONVERSION = YES;
				CLANG_WARN_OBJC_IMPLICIT_RETAIN_SELF = YES;
				CLANG_WARN_OBJC_LITERAL_CONVERSION = YES;
				CLANG_WARN_OBJC_ROOT_CLASS = YES_ERROR;
				CLANG_WARN_RANGE_LOOP_ANALYSIS = YES;
				CLANG_WARN_STRICT_PROTOTYPES = YES;
				CLANG_WARN_SUSPICIOUS_MOVE = YES;
				CLANG_WARN_UNGUARDED_AVAILABILITY = YES_AGGRESSIVE;
				CLANG_WARN_UNREACHABLE_CODE = YES;
				CLANG_WARN__DUPLICATE_METHOD_MATCH = YES;
				COPY_PHASE_STRIP = NO;
				DEBUG_INFORMATION_FORMAT = dwarf;
				ENABLE_STRICT_OBJC_MSGSEND = YES;
				ENABLE_TESTABILITY = YES;
				GCC_C_LANGUAGE_STANDARD = gnu11;
				GCC_DYNAMIC_NO_PIC = NO;
				GCC_NO_COMMON_BLOCKS = YES;
				GCC_OPTIMIZATION_LEVEL = 0;
				GCC_PREPROCESSOR_DEFINITIONS = (
					"DEBUG=1",
					"$(inherited)",
				);
				GCC_WARN_64_TO_32_BIT_CONVERSION = YES;
				GCC_WARN_ABOUT_RETURN_TYPE = YES_ERROR;
				GCC_WARN_UNDECLARED_SELECTOR = YES;
				GCC_WARN_UNINITIALIZED_AUTOS = YES_AGGRESSIVE;
				GCC_WARN_UNUSED_FUNCTION = YES;
				GCC_WARN_UNUSED_VARIABLE = YES;
				IPHONEOS_DEPLOYMENT_TARGET = 13.2;
				MTL_ENABLE_DEBUG_INFO = INCLUDE_SOURCE;
				MTL_FAST_MATH = YES;
				ONLY_ACTIVE_ARCH = YES;
				SDKROOT = iphoneos;
				SWIFT_ACTIVE_COMPILATION_CONDITIONS = DEBUG;
				SWIFT_OPTIMIZATION_LEVEL = "-Onone";
			};
			name = Debug;
		};
		3F24FFCB28A437E1007C62FD /* Release */ = {
			isa = XCBuildConfiguration;
			buildSettings = {
				ALWAYS_SEARCH_USER_PATHS = NO;
				CLANG_ANALYZER_NONNULL = YES;
				CLANG_ANALYZER_NUMBER_OBJECT_CONVERSION = YES_AGGRESSIVE;
				CLANG_CXX_LANGUAGE_STANDARD = "gnu++14";
				CLANG_CXX_LIBRARY = "libc++";
				CLANG_ENABLE_MODULES = YES;
				CLANG_ENABLE_OBJC_ARC = YES;
				CLANG_ENABLE_OBJC_WEAK = YES;
				CLANG_WARN_BLOCK_CAPTURE_AUTORELEASING = YES;
				CLANG_WARN_BOOL_CONVERSION = YES;
				CLANG_WARN_COMMA = YES;
				CLANG_WARN_CONSTANT_CONVERSION = YES;
				CLANG_WARN_DEPRECATED_OBJC_IMPLEMENTATIONS = YES;
				CLANG_WARN_DIRECT_OBJC_ISA_USAGE = YES_ERROR;
				CLANG_WARN_DOCUMENTATION_COMMENTS = YES;
				CLANG_WARN_EMPTY_BODY = YES;
				CLANG_WARN_ENUM_CONVERSION = YES;
				CLANG_WARN_INFINITE_RECURSION = YES;
				CLANG_WARN_INT_CONVERSION = YES;
				CLANG_WARN_NON_LITERAL_NULL_CONVERSION = YES;
				CLANG_WARN_OBJC_IMPLICIT_RETAIN_SELF = YES;
				CLANG_WARN_OBJC_LITERAL_CONVERSION = YES;
				CLANG_WARN_OBJC_ROOT_CLASS = YES_ERROR;
				CLANG_WARN_RANGE_LOOP_ANALYSIS = YES;
				CLANG_WARN_STRICT_PROTOTYPES = YES;
				CLANG_WARN_SUSPICIOUS_MOVE = YES;
				CLANG_WARN_UNGUARDED_AVAILABILITY = YES_AGGRESSIVE;
				CLANG_WARN_UNREACHABLE_CODE = YES;
				CLANG_WARN__DUPLICATE_METHOD_MATCH = YES;
				COPY_PHASE_STRIP = NO;
				DEBUG_INFORMATION_FORMAT = "dwarf-with-dsym";
				ENABLE_NS_ASSERTIONS = NO;
				ENABLE_STRICT_OBJC_MSGSEND = YES;
				GCC_C_LANGUAGE_STANDARD = gnu11;
				GCC_NO_COMMON_BLOCKS = YES;
				GCC_WARN_64_TO_32_BIT_CONVERSION = YES;
				GCC_WARN_ABOUT_RETURN_TYPE = YES_ERROR;
				GCC_WARN_UNDECLARED_SELECTOR = YES;
				GCC_WARN_UNINITIALIZED_AUTOS = YES_AGGRESSIVE;
				GCC_WARN_UNUSED_FUNCTION = YES;
				GCC_WARN_UNUSED_VARIABLE = YES;
				IPHONEOS_DEPLOYMENT_TARGET = 13.2;
				MTL_ENABLE_DEBUG_INFO = NO;
				MTL_FAST_MATH = YES;
				SDKROOT = iphoneos;
				SWIFT_COMPILATION_MODE = wholemodule;
				SWIFT_OPTIMIZATION_LEVEL = "-O";
				VALIDATE_PRODUCT = YES;
			};
			name = Release;
		};
		3F24FFCD28A437E1007C62FD /* Debug */ = {
			isa = XCBuildConfiguration;
			buildSettings = {
				ASSETCATALOG_COMPILER_APPICON_NAME = AppIcon;
				CODE_SIGN_STYLE = Automatic;
				INFOPLIST_FILE = AulaMapKitCEFETTarde/Info.plist;
				LD_RUNPATH_SEARCH_PATHS = (
					"$(inherited)",
					"@executable_path/Frameworks",
				);
				PRODUCT_BUNDLE_IDENTIFIER = teste.AulaMapKitCEFETTarde;
				PRODUCT_NAME = "$(TARGET_NAME)";
				SWIFT_VERSION = 5.0;
				TARGETED_DEVICE_FAMILY = "1,2";
			};
			name = Debug;
		};
		3F24FFCE28A437E1007C62FD /* Release */ = {
			isa = XCBuildConfiguration;
			buildSettings = {
				ASSETCATALOG_COMPILER_APPICON_NAME = AppIcon;
				CODE_SIGN_STYLE = Automatic;
				INFOPLIST_FILE = AulaMapKitCEFETTarde/Info.plist;
				LD_RUNPATH_SEARCH_PATHS = (
					"$(inherited)",
					"@executable_path/Frameworks",
				);
				PRODUCT_BUNDLE_IDENTIFIER = teste.AulaMapKitCEFETTarde;
				PRODUCT_NAME = "$(TARGET_NAME)";
				SWIFT_VERSION = 5.0;
				TARGETED_DEVICE_FAMILY = "1,2";
			};
			name = Release;
		};
/* End XCBuildConfiguration section */

/* Begin XCConfigurationList section */
		3F24FFB328A437E0007C62FD /* Build configuration list for PBXProject "AulaMapKitCEFETTarde" */ = {
			isa = XCConfigurationList;
			buildConfigurations = (
				3F24FFCA28A437E1007C62FD /* Debug */,
				3F24FFCB28A437E1007C62FD /* Release */,
			);
			defaultConfigurationIsVisible = 0;
			defaultConfigurationName = Release;
		};
		3F24FFCC28A437E1007C62FD /* Build configuration list for PBXNativeTarget "AulaMapKitCEFETTarde" */ = {
			isa = XCConfigurationList;
			buildConfigurations = (
				3F24FFCD28A437E1007C62FD /* Debug */,
				3F24FFCE28A437E1007C62FD /* Release */,
			);
			defaultConfigurationIsVisible = 0;
			defaultConfigurationName = Release;
		};
/* End XCConfigurationList section */
	};
	rootObject = 3F24FFB028A437E0007C62FD /* Project object */;
}
